
Microsoft Visual Studio Solution File, Format Version 12.00
# Visual Studio 15
VisualStudioVersion = 15.0.27004.2002
MinimumVisualStudioVersion = 10.0.40219.1
Project("{FAE04EC0-301F-11D3-BF4B-00C04F79EFBC}") = "QuickStart.Android", "QuickStart\QuickStart.Android\QuickStart.Android.csproj", "{4A117A2B-AD96-4E4D-ABC1-65DE90343B43}"
EndProject
Project("{FAE04EC0-301F-11D3-BF4B-00C04F79EFBC}") = "QuickStart", "QuickStart\QuickStart\QuickStart.csproj", "{14CDFEF5-F861-42AA-9ED7-9243484B8C74}"
EndProject
Project("{FAE04EC0-301F-11D3-BF4B-00C04F79EFBC}") = "QuickStart.UWP", "QuickStart\QuickStart.UWP\QuickStart.UWP.csproj", "{D5BED426-35C7-4E69-903C-F7794F08CEB4}"
EndProject
Project("{FAE04EC0-301F-11D3-BF4B-00C04F79EFBC}") = "QuickStart.iOS", "QuickStart\QuickStart.iOS\QuickStart.iOS.csproj", "{F3AD8C60-D563-47BB-B9B5-B34CBABE031E}"
EndProject
Global
	GlobalSection(SolutionConfigurationPlatforms) = preSolution
		Ad-Hoc|Any CPU = Ad-Hoc|Any CPU
		Ad-Hoc|ARM = Ad-Hoc|ARM
		Ad-Hoc|iPhone = Ad-Hoc|iPhone
		Ad-Hoc|iPhoneSimulator = Ad-Hoc|iPhoneSimulator
		Ad-Hoc|x64 = Ad-Hoc|x64
		Ad-Hoc|x86 = Ad-Hoc|x86
		AppStore|Any CPU = AppStore|Any CPU
		AppStore|ARM = AppStore|ARM
		AppStore|iPhone = AppStore|iPhone
		AppStore|iPhoneSimulator = AppStore|iPhoneSimulator
		AppStore|x64 = AppStore|x64
		AppStore|x86 = AppStore|x86
		Debug|Any CPU = Debug|Any CPU
		Debug|ARM = Debug|ARM
		Debug|iPhone = Debug|iPhone
		Debug|iPhoneSimulator = Debug|iPhoneSimulator
		Debug|x64 = Debug|x64
		Debug|x86 = Debug|x86
		Release|Any CPU = Release|Any CPU
		Release|ARM = Release|ARM
		Release|iPhone = Release|iPhone
		Release|iPhoneSimulator = Release|iPhoneSimulator
		Release|x64 = Release|x64
		Release|x86 = Release|x86
	EndGlobalSection
	GlobalSection(ProjectConfigurationPlatforms) = postSolution
		{4A117A2B-AD96-4E4D-ABC1-65DE90343B43}.Ad-Hoc|Any CPU.ActiveCfg = Release|Any CPU
		{4A117A2B-AD96-4E4D-ABC1-65DE90343B43}.Ad-Hoc|Any CPU.Build.0 = Release|Any CPU
		{4A117A2B-AD96-4E4D-ABC1-65DE90343B43}.Ad-Hoc|Any CPU.Deploy.0 = Release|Any CPU
		{4A117A2B-AD96-4E4D-ABC1-65DE90343B43}.Ad-Hoc|ARM.ActiveCfg = Release|Any CPU
		{4A117A2B-AD96-4E4D-ABC1-65DE90343B43}.Ad-Hoc|ARM.Build.0 = Release|Any CPU
		{4A117A2B-AD96-4E4D-ABC1-65DE90343B43}.Ad-Hoc|ARM.Deploy.0 = Release|Any CPU
		{4A117A2B-AD96-4E4D-ABC1-65DE90343B43}.Ad-Hoc|iPhone.ActiveCfg = Release|Any CPU
		{4A117A2B-AD96-4E4D-ABC1-65DE90343B43}.Ad-Hoc|iPhone.Build.0 = Release|Any CPU
		{4A117A2B-AD96-4E4D-ABC1-65DE90343B43}.Ad-Hoc|iPhone.Deploy.0 = Release|Any CPU
		{4A117A2B-AD96-4E4D-ABC1-65DE90343B43}.Ad-Hoc|iPhoneSimulator.ActiveCfg = Release|Any CPU
		{4A117A2B-AD96-4E4D-ABC1-65DE90343B43}.Ad-Hoc|iPhoneSimulator.Build.0 = Release|Any CPU
		{4A117A2B-AD96-4E4D-ABC1-65DE90343B43}.Ad-Hoc|iPhoneSimulator.Deploy.0 = Release|Any CPU
		{4A117A2B-AD96-4E4D-ABC1-65DE90343B43}.Ad-Hoc|x64.ActiveCfg = Release|Any CPU
		{4A117A2B-AD96-4E4D-ABC1-65DE90343B43}.Ad-Hoc|x64.Build.0 = Release|Any CPU
		{4A117A2B-AD96-4E4D-ABC1-65DE90343B43}.Ad-Hoc|x64.Deploy.0 = Release|Any CPU
		{4A117A2B-AD96-4E4D-ABC1-65DE90343B43}.Ad-Hoc|x86.ActiveCfg = Release|Any CPU
		{4A117A2B-AD96-4E4D-ABC1-65DE90343B43}.Ad-Hoc|x86.Build.0 = Release|Any CPU
		{4A117A2B-AD96-4E4D-ABC1-65DE90343B43}.Ad-Hoc|x86.Deploy.0 = Release|Any CPU
		{4A117A2B-AD96-4E4D-ABC1-65DE90343B43}.AppStore|Any CPU.ActiveCfg = Release|Any CPU
		{4A117A2B-AD96-4E4D-ABC1-65DE90343B43}.AppStore|Any CPU.Build.0 = Release|Any CPU
		{4A117A2B-AD96-4E4D-ABC1-65DE90343B43}.AppStore|Any CPU.Deploy.0 = Release|Any CPU
		{4A117A2B-AD96-4E4D-ABC1-65DE90343B43}.AppStore|ARM.ActiveCfg = Release|Any CPU
		{4A117A2B-AD96-4E4D-ABC1-65DE90343B43}.AppStore|ARM.Build.0 = Release|Any CPU
		{4A117A2B-AD96-4E4D-ABC1-65DE90343B43}.AppStore|ARM.Deploy.0 = Release|Any CPU
		{4A117A2B-AD96-4E4D-ABC1-65DE90343B43}.AppStore|iPhone.ActiveCfg = Release|Any CPU
		{4A117A2B-AD96-4E4D-ABC1-65DE90343B43}.AppStore|iPhone.Build.0 = Release|Any CPU
		{4A117A2B-AD96-4E4D-ABC1-65DE90343B43}.AppStore|iPhone.Deploy.0 = Release|Any CPU
		{4A117A2B-AD96-4E4D-ABC1-65DE90343B43}.AppStore|iPhoneSimulator.ActiveCfg = Release|Any CPU
		{4A117A2B-AD96-4E4D-ABC1-65DE90343B43}.AppStore|iPhoneSimulator.Build.0 = Release|Any CPU
		{4A117A2B-AD96-4E4D-ABC1-65DE90343B43}.AppStore|iPhoneSimulator.Deploy.0 = Release|Any CPU
		{4A117A2B-AD96-4E4D-ABC1-65DE90343B43}.AppStore|x64.ActiveCfg = Release|Any CPU
		{4A117A2B-AD96-4E4D-ABC1-65DE90343B43}.AppStore|x64.Build.0 = Release|Any CPU
		{4A117A2B-AD96-4E4D-ABC1-65DE90343B43}.AppStore|x64.Deploy.0 = Release|Any CPU
		{4A117A2B-AD96-4E4D-ABC1-65DE90343B43}.AppStore|x86.ActiveCfg = Release|Any CPU
		{4A117A2B-AD96-4E4D-ABC1-65DE90343B43}.AppStore|x86.Build.0 = Release|Any CPU
		{4A117A2B-AD96-4E4D-ABC1-65DE90343B43}.AppStore|x86.Deploy.0 = Release|Any CPU
		{4A117A2B-AD96-4E4D-ABC1-65DE90343B43}.Debug|Any CPU.ActiveCfg = Debug|Any CPU
		{4A117A2B-AD96-4E4D-ABC1-65DE90343B43}.Debug|Any CPU.Build.0 = Debug|Any CPU
		{4A117A2B-AD96-4E4D-ABC1-65DE90343B43}.Debug|Any CPU.Deploy.0 = Debug|Any CPU
		{4A117A2B-AD96-4E4D-ABC1-65DE90343B43}.Debug|ARM.ActiveCfg = Debug|Any CPU
		{4A117A2B-AD96-4E4D-ABC1-65DE90343B43}.Debug|ARM.Build.0 = Debug|Any CPU
		{4A117A2B-AD96-4E4D-ABC1-65DE90343B43}.Debug|ARM.Deploy.0 = Debug|Any CPU
		{4A117A2B-AD96-4E4D-ABC1-65DE90343B43}.Debug|iPhone.ActiveCfg = Debug|Any CPU
		{4A117A2B-AD96-4E4D-ABC1-65DE90343B43}.Debug|iPhone.Build.0 = Debug|Any CPU
		{4A117A2B-AD96-4E4D-ABC1-65DE90343B43}.Debug|iPhone.Deploy.0 = Debug|Any CPU
		{4A117A2B-AD96-4E4D-ABC1-65DE90343B43}.Debug|iPhoneSimulator.ActiveCfg = Debug|Any CPU
		{4A117A2B-AD96-4E4D-ABC1-65DE90343B43}.Debug|iPhoneSimulator.Build.0 = Debug|Any CPU
		{4A117A2B-AD96-4E4D-ABC1-65DE90343B43}.Debug|iPhoneSimulator.Deploy.0 = Debug|Any CPU
		{4A117A2B-AD96-4E4D-ABC1-65DE90343B43}.Debug|x64.ActiveCfg = Debug|Any CPU
		{4A117A2B-AD96-4E4D-ABC1-65DE90343B43}.Debug|x64.Build.0 = Debug|Any CPU
		{4A117A2B-AD96-4E4D-ABC1-65DE90343B43}.Debug|x64.Deploy.0 = Debug|Any CPU
		{4A117A2B-AD96-4E4D-ABC1-65DE90343B43}.Debug|x86.ActiveCfg = Debug|Any CPU
		{4A117A2B-AD96-4E4D-ABC1-65DE90343B43}.Debug|x86.Build.0 = Debug|Any CPU
		{4A117A2B-AD96-4E4D-ABC1-65DE90343B43}.Debug|x86.Deploy.0 = Debug|Any CPU
		{4A117A2B-AD96-4E4D-ABC1-65DE90343B43}.Release|Any CPU.ActiveCfg = Release|Any CPU
		{4A117A2B-AD96-4E4D-ABC1-65DE90343B43}.Release|Any CPU.Build.0 = Release|Any CPU
		{4A117A2B-AD96-4E4D-ABC1-65DE90343B43}.Release|Any CPU.Deploy.0 = Release|Any CPU
		{4A117A2B-AD96-4E4D-ABC1-65DE90343B43}.Release|ARM.ActiveCfg = Release|Any CPU
		{4A117A2B-AD96-4E4D-ABC1-65DE90343B43}.Release|ARM.Build.0 = Release|Any CPU
		{4A117A2B-AD96-4E4D-ABC1-65DE90343B43}.Release|ARM.Deploy.0 = Release|Any CPU
		{4A117A2B-AD96-4E4D-ABC1-65DE90343B43}.Release|iPhone.ActiveCfg = Release|Any CPU
		{4A117A2B-AD96-4E4D-ABC1-65DE90343B43}.Release|iPhone.Build.0 = Release|Any CPU
		{4A117A2B-AD96-4E4D-ABC1-65DE90343B43}.Release|iPhone.Deploy.0 = Release|Any CPU
		{4A117A2B-AD96-4E4D-ABC1-65DE90343B43}.Release|iPhoneSimulator.ActiveCfg = Release|Any CPU
		{4A117A2B-AD96-4E4D-ABC1-65DE90343B43}.Release|iPhoneSimulator.Build.0 = Release|Any CPU
		{4A117A2B-AD96-4E4D-ABC1-65DE90343B43}.Release|iPhoneSimulator.Deploy.0 = Release|Any CPU
		{4A117A2B-AD96-4E4D-ABC1-65DE90343B43}.Release|x64.ActiveCfg = Release|Any CPU
		{4A117A2B-AD96-4E4D-ABC1-65DE90343B43}.Release|x64.Build.0 = Release|Any CPU
		{4A117A2B-AD96-4E4D-ABC1-65DE90343B43}.Release|x64.Deploy.0 = Release|Any CPU
		{4A117A2B-AD96-4E4D-ABC1-65DE90343B43}.Release|x86.ActiveCfg = Release|Any CPU
		{4A117A2B-AD96-4E4D-ABC1-65DE90343B43}.Release|x86.Build.0 = Release|Any CPU
		{4A117A2B-AD96-4E4D-ABC1-65DE90343B43}.Release|x86.Deploy.0 = Release|Any CPU
		{14CDFEF5-F861-42AA-9ED7-9243484B8C74}.Ad-Hoc|Any CPU.ActiveCfg = Release|Any CPU
		{14CDFEF5-F861-42AA-9ED7-9243484B8C74}.Ad-Hoc|Any CPU.Build.0 = Release|Any CPU
		{14CDFEF5-F861-42AA-9ED7-9243484B8C74}.Ad-Hoc|ARM.ActiveCfg = Release|Any CPU
		{14CDFEF5-F861-42AA-9ED7-9243484B8C74}.Ad-Hoc|ARM.Build.0 = Release|Any CPU
		{14CDFEF5-F861-42AA-9ED7-9243484B8C74}.Ad-Hoc|iPhone.ActiveCfg = Release|Any CPU
		{14CDFEF5-F861-42AA-9ED7-9243484B8C74}.Ad-Hoc|iPhone.Build.0 = Release|Any CPU
		{14CDFEF5-F861-42AA-9ED7-9243484B8C74}.Ad-Hoc|iPhoneSimulator.ActiveCfg = Release|Any CPU
		{14CDFEF5-F861-42AA-9ED7-9243484B8C74}.Ad-Hoc|iPhoneSimulator.Build.0 = Release|Any CPU
		{14CDFEF5-F861-42AA-9ED7-9243484B8C74}.Ad-Hoc|x64.ActiveCfg = Release|Any CPU
		{14CDFEF5-F861-42AA-9ED7-9243484B8C74}.Ad-Hoc|x64.Build.0 = Release|Any CPU
		{14CDFEF5-F861-42AA-9ED7-9243484B8C74}.Ad-Hoc|x86.ActiveCfg = Release|Any CPU
		{14CDFEF5-F861-42AA-9ED7-9243484B8C74}.Ad-Hoc|x86.Build.0 = Release|Any CPU
		{14CDFEF5-F861-42AA-9ED7-9243484B8C74}.AppStore|Any CPU.ActiveCfg = Release|Any CPU
		{14CDFEF5-F861-42AA-9ED7-9243484B8C74}.AppStore|Any CPU.Build.0 = Release|Any CPU
		{14CDFEF5-F861-42AA-9ED7-9243484B8C74}.AppStore|ARM.ActiveCfg = Release|Any CPU
		{14CDFEF5-F861-42AA-9ED7-9243484B8C74}.AppStore|ARM.Build.0 = Release|Any CPU
		{14CDFEF5-F861-42AA-9ED7-9243484B8C74}.AppStore|iPhone.ActiveCfg = Release|Any CPU
		{14CDFEF5-F861-42AA-9ED7-9243484B8C74}.AppStore|iPhone.Build.0 = Release|Any CPU
		{14CDFEF5-F861-42AA-9ED7-9243484B8C74}.AppStore|iPhoneSimulator.ActiveCfg = Release|Any CPU
		{14CDFEF5-F861-42AA-9ED7-9243484B8C74}.AppStore|iPhoneSimulator.Build.0 = Release|Any CPU
		{14CDFEF5-F861-42AA-9ED7-9243484B8C74}.AppStore|x64.ActiveCfg = Release|Any CPU
		{14CDFEF5-F861-42AA-9ED7-9243484B8C74}.AppStore|x64.Build.0 = Release|Any CPU
		{14CDFEF5-F861-42AA-9ED7-9243484B8C74}.AppStore|x86.ActiveCfg = Release|Any CPU
		{14CDFEF5-F861-42AA-9ED7-9243484B8C74}.AppStore|x86.Build.0 = Release|Any CPU
		{14CDFEF5-F861-42AA-9ED7-9243484B8C74}.Debug|Any CPU.ActiveCfg = Debug|Any CPU
		{14CDFEF5-F861-42AA-9ED7-9243484B8C74}.Debug|Any CPU.Build.0 = Debug|Any CPU
		{14CDFEF5-F861-42AA-9ED7-9243484B8C74}.Debug|ARM.ActiveCfg = Debug|Any CPU
		{14CDFEF5-F861-42AA-9ED7-9243484B8C74}.Debug|ARM.Build.0 = Debug|Any CPU
		{14CDFEF5-F861-42AA-9ED7-9243484B8C74}.Debug|iPhone.ActiveCfg = Debug|Any CPU
		{14CDFEF5-F861-42AA-9ED7-9243484B8C74}.Debug|iPhone.Build.0 = Debug|Any CPU
		{14CDFEF5-F861-42AA-9ED7-9243484B8C74}.Debug|iPhoneSimulator.ActiveCfg = Debug|Any CPU
		{14CDFEF5-F861-42AA-9ED7-9243484B8C74}.Debug|iPhoneSimulator.Build.0 = Debug|Any CPU
		{14CDFEF5-F861-42AA-9ED7-9243484B8C74}.Debug|x64.ActiveCfg = Debug|Any CPU
		{14CDFEF5-F861-42AA-9ED7-9243484B8C74}.Debug|x64.Build.0 = Debug|Any CPU
		{14CDFEF5-F861-42AA-9ED7-9243484B8C74}.Debug|x86.ActiveCfg = Debug|Any CPU
		{14CDFEF5-F861-42AA-9ED7-9243484B8C74}.Debug|x86.Build.0 = Debug|Any CPU
		{14CDFEF5-F861-42AA-9ED7-9243484B8C74}.Release|Any CPU.ActiveCfg = Release|Any CPU
		{14CDFEF5-F861-42AA-9ED7-9243484B8C74}.Release|Any CPU.Build.0 = Release|Any CPU
		{14CDFEF5-F861-42AA-9ED7-9243484B8C74}.Release|ARM.ActiveCfg = Release|Any CPU
		{14CDFEF5-F861-42AA-9ED7-9243484B8C74}.Release|ARM.Build.0 = Release|Any CPU
		{14CDFEF5-F861-42AA-9ED7-9243484B8C74}.Release|iPhone.ActiveCfg = Release|Any CPU
		{14CDFEF5-F861-42AA-9ED7-9243484B8C74}.Release|iPhone.Build.0 = Release|Any CPU
		{14CDFEF5-F861-42AA-9ED7-9243484B8C74}.Release|iPhoneSimulator.ActiveCfg = Release|Any CPU
		{14CDFEF5-F861-42AA-9ED7-9243484B8C74}.Release|iPhoneSimulator.Build.0 = Release|Any CPU
		{14CDFEF5-F861-42AA-9ED7-9243484B8C74}.Release|x64.ActiveCfg = Release|Any CPU
		{14CDFEF5-F861-42AA-9ED7-9243484B8C74}.Release|x64.Build.0 = Release|Any CPU
		{14CDFEF5-F861-42AA-9ED7-9243484B8C74}.Release|x86.ActiveCfg = Release|Any CPU
		{14CDFEF5-F861-42AA-9ED7-9243484B8C74}.Release|x86.Build.0 = Release|Any CPU
		{D5BED426-35C7-4E69-903C-F7794F08CEB4}.Ad-Hoc|Any CPU.ActiveCfg = Release|x86
		{D5BED426-35C7-4E69-903C-F7794F08CEB4}.Ad-Hoc|Any CPU.Build.0 = Release|x86
		{D5BED426-35C7-4E69-903C-F7794F08CEB4}.Ad-Hoc|Any CPU.Deploy.0 = Release|x86
		{D5BED426-35C7-4E69-903C-F7794F08CEB4}.Ad-Hoc|ARM.ActiveCfg = Release|ARM
		{D5BED426-35C7-4E69-903C-F7794F08CEB4}.Ad-Hoc|ARM.Build.0 = Release|ARM
		{D5BED426-35C7-4E69-903C-F7794F08CEB4}.Ad-Hoc|ARM.Deploy.0 = Release|ARM
		{D5BED426-35C7-4E69-903C-F7794F08CEB4}.Ad-Hoc|iPhone.ActiveCfg = Release|x86
		{D5BED426-35C7-4E69-903C-F7794F08CEB4}.Ad-Hoc|iPhone.Build.0 = Release|x86
		{D5BED426-35C7-4E69-903C-F7794F08CEB4}.Ad-Hoc|iPhone.Deploy.0 = Release|x86
		{D5BED426-35C7-4E69-903C-F7794F08CEB4}.Ad-Hoc|iPhoneSimulator.ActiveCfg = Release|x86
		{D5BED426-35C7-4E69-903C-F7794F08CEB4}.Ad-Hoc|iPhoneSimulator.Build.0 = Release|x86
		{D5BED426-35C7-4E69-903C-F7794F08CEB4}.Ad-Hoc|iPhoneSimulator.Deploy.0 = Release|x86
		{D5BED426-35C7-4E69-903C-F7794F08CEB4}.Ad-Hoc|x64.ActiveCfg = Release|x64
		{D5BED426-35C7-4E69-903C-F7794F08CEB4}.Ad-Hoc|x64.Build.0 = Release|x64
		{D5BED426-35C7-4E69-903C-F7794F08CEB4}.Ad-Hoc|x64.Deploy.0 = Release|x64
		{D5BED426-35C7-4E69-903C-F7794F08CEB4}.Ad-Hoc|x86.ActiveCfg = Release|x86
		{D5BED426-35C7-4E69-903C-F7794F08CEB4}.Ad-Hoc|x86.Build.0 = Release|x86
		{D5BED426-35C7-4E69-903C-F7794F08CEB4}.Ad-Hoc|x86.Deploy.0 = Release|x86
		{D5BED426-35C7-4E69-903C-F7794F08CEB4}.AppStore|Any CPU.ActiveCfg = Release|x86
		{D5BED426-35C7-4E69-903C-F7794F08CEB4}.AppStore|Any CPU.Build.0 = Release|x86
		{D5BED426-35C7-4E69-903C-F7794F08CEB4}.AppStore|Any CPU.Deploy.0 = Release|x86
		{D5BED426-35C7-4E69-903C-F7794F08CEB4}.AppStore|ARM.ActiveCfg = Release|ARM
		{D5BED426-35C7-4E69-903C-F7794F08CEB4}.AppStore|ARM.Build.0 = Release|ARM
		{D5BED426-35C7-4E69-903C-F7794F08CEB4}.AppStore|ARM.Deploy.0 = Release|ARM
		{D5BED426-35C7-4E69-903C-F7794F08CEB4}.AppStore|iPhone.ActiveCfg = Release|x86
		{D5BED426-35C7-4E69-903C-F7794F08CEB4}.AppStore|iPhone.Build.0 = Release|x86
		{D5BED426-35C7-4E69-903C-F7794F08CEB4}.AppStore|iPhone.Deploy.0 = Release|x86
		{D5BED426-35C7-4E69-903C-F7794F08CEB4}.AppStore|iPhoneSimulator.ActiveCfg = Release|x86
		{D5BED426-35C7-4E69-903C-F7794F08CEB4}.AppStore|iPhoneSimulator.Build.0 = Release|x86
		{D5BED426-35C7-4E69-903C-F7794F08CEB4}.AppStore|iPhoneSimulator.Deploy.0 = Release|x86
		{D5BED426-35C7-4E69-903C-F7794F08CEB4}.AppStore|x64.ActiveCfg = Release|x64
		{D5BED426-35C7-4E69-903C-F7794F08CEB4}.AppStore|x64.Build.0 = Release|x64
		{D5BED426-35C7-4E69-903C-F7794F08CEB4}.AppStore|x64.Deploy.0 = Release|x64
		{D5BED426-35C7-4E69-903C-F7794F08CEB4}.AppStore|x86.ActiveCfg = Release|x86
		{D5BED426-35C7-4E69-903C-F7794F08CEB4}.AppStore|x86.Build.0 = Release|x86
		{D5BED426-35C7-4E69-903C-F7794F08CEB4}.AppStore|x86.Deploy.0 = Release|x86
		{D5BED426-35C7-4E69-903C-F7794F08CEB4}.Debug|Any CPU.ActiveCfg = Debug|x86
		{D5BED426-35C7-4E69-903C-F7794F08CEB4}.Debug|ARM.ActiveCfg = Debug|ARM
		{D5BED426-35C7-4E69-903C-F7794F08CEB4}.Debug|ARM.Build.0 = Debug|ARM
		{D5BED426-35C7-4E69-903C-F7794F08CEB4}.Debug|ARM.Deploy.0 = Debug|ARM
		{D5BED426-35C7-4E69-903C-F7794F08CEB4}.Debug|iPhone.ActiveCfg = Debug|x86
		{D5BED426-35C7-4E69-903C-F7794F08CEB4}.Debug|iPhoneSimulator.ActiveCfg = Debug|x86
		{D5BED426-35C7-4E69-903C-F7794F08CEB4}.Debug|x64.ActiveCfg = Debug|x64
		{D5BED426-35C7-4E69-903C-F7794F08CEB4}.Debug|x64.Build.0 = Debug|x64
		{D5BED426-35C7-4E69-903C-F7794F08CEB4}.Debug|x64.Deploy.0 = Debug|x64
		{D5BED426-35C7-4E69-903C-F7794F08CEB4}.Debug|x86.ActiveCfg = Debug|x86
		{D5BED426-35C7-4E69-903C-F7794F08CEB4}.Debug|x86.Build.0 = Debug|x86
		{D5BED426-35C7-4E69-903C-F7794F08CEB4}.Debug|x86.Deploy.0 = Debug|x86
		{D5BED426-35C7-4E69-903C-F7794F08CEB4}.Release|Any CPU.ActiveCfg = Release|x86
		{D5BED426-35C7-4E69-903C-F7794F08CEB4}.Release|ARM.ActiveCfg = Release|ARM
		{D5BED426-35C7-4E69-903C-F7794F08CEB4}.Release|ARM.Build.0 = Release|ARM
		{D5BED426-35C7-4E69-903C-F7794F08CEB4}.Release|ARM.Deploy.0 = Release|ARM
		{D5BED426-35C7-4E69-903C-F7794F08CEB4}.Release|iPhone.ActiveCfg = Release|x86
		{D5BED426-35C7-4E69-903C-F7794F08CEB4}.Release|iPhoneSimulator.ActiveCfg = Release|x86
		{D5BED426-35C7-4E69-903C-F7794F08CEB4}.Release|x64.ActiveCfg = Release|x64
		{D5BED426-35C7-4E69-903C-F7794F08CEB4}.Release|x64.Build.0 = Release|x64
		{D5BED426-35C7-4E69-903C-F7794F08CEB4}.Release|x64.Deploy.0 = Release|x64
		{D5BED426-35C7-4E69-903C-F7794F08CEB4}.Release|x86.ActiveCfg = Release|x86
		{D5BED426-35C7-4E69-903C-F7794F08CEB4}.Release|x86.Build.0 = Release|x86
		{D5BED426-35C7-4E69-903C-F7794F08CEB4}.Release|x86.Deploy.0 = Release|x86
		{F3AD8C60-D563-47BB-B9B5-B34CBABE031E}.Ad-Hoc|Any CPU.ActiveCfg = Ad-Hoc|iPhoneSimulator
		{F3AD8C60-D563-47BB-B9B5-B34CBABE031E}.Ad-Hoc|ARM.ActiveCfg = Ad-Hoc|iPhone
		{F3AD8C60-D563-47BB-B9B5-B34CBABE031E}.Ad-Hoc|iPhone.ActiveCfg = Ad-Hoc|iPhone
		{F3AD8C60-D563-47BB-B9B5-B34CBABE031E}.Ad-Hoc|iPhone.Build.0 = Ad-Hoc|iPhone
		{F3AD8C60-D563-47BB-B9B5-B34CBABE031E}.Ad-Hoc|iPhoneSimulator.ActiveCfg = Ad-Hoc|iPhoneSimulator
		{F3AD8C60-D563-47BB-B9B5-B34CBABE031E}.Ad-Hoc|iPhoneSimulator.Build.0 = Ad-Hoc|iPhoneSimulator
		{F3AD8C60-D563-47BB-B9B5-B34CBABE031E}.Ad-Hoc|x64.ActiveCfg = Ad-Hoc|iPhone
		{F3AD8C60-D563-47BB-B9B5-B34CBABE031E}.Ad-Hoc|x86.ActiveCfg = Ad-Hoc|iPhone
		{F3AD8C60-D563-47BB-B9B5-B34CBABE031E}.AppStore|Any CPU.ActiveCfg = AppStore|iPhoneSimulator
		{F3AD8C60-D563-47BB-B9B5-B34CBABE031E}.AppStore|ARM.ActiveCfg = AppStore|iPhone
		{F3AD8C60-D563-47BB-B9B5-B34CBABE031E}.AppStore|iPhone.ActiveCfg = AppStore|iPhone
		{F3AD8C60-D563-47BB-B9B5-B34CBABE031E}.AppStore|iPhone.Build.0 = AppStore|iPhone
		{F3AD8C60-D563-47BB-B9B5-B34CBABE031E}.AppStore|iPhoneSimulator.ActiveCfg = AppStore|iPhoneSimulator
		{F3AD8C60-D563-47BB-B9B5-B34CBABE031E}.AppStore|iPhoneSimulator.Build.0 = AppStore|iPhoneSimulator
		{F3AD8C60-D563-47BB-B9B5-B34CBABE031E}.AppStore|x64.ActiveCfg = AppStore|iPhone
		{F3AD8C60-D563-47BB-B9B5-B34CBABE031E}.AppStore|x86.ActiveCfg = AppStore|iPhone
		{F3AD8C60-D563-47BB-B9B5-B34CBABE031E}.Debug|Any CPU.ActiveCfg = Debug|iPhoneSimulator
		{F3AD8C60-D563-47BB-B9B5-B34CBABE031E}.Debug|ARM.ActiveCfg = Debug|iPhone
		{F3AD8C60-D563-47BB-B9B5-B34CBABE031E}.Debug|iPhone.ActiveCfg = Debug|iPhone
		{F3AD8C60-D563-47BB-B9B5-B34CBABE031E}.Debug|iPhone.Build.0 = Debug|iPhone
		{F3AD8C60-D563-47BB-B9B5-B34CBABE031E}.Debug|iPhoneSimulator.ActiveCfg = Debug|iPhoneSimulator
		{F3AD8C60-D563-47BB-B9B5-B34CBABE031E}.Debug|iPhoneSimulator.Build.0 = Debug|iPhoneSimulator
		{F3AD8C60-D563-47BB-B9B5-B34CBABE031E}.Debug|x64.ActiveCfg = Debug|iPhone
		{F3AD8C60-D563-47BB-B9B5-B34CBABE031E}.Debug|x86.ActiveCfg = Debug|iPhone
		{F3AD8C60-D563-47BB-B9B5-B34CBABE031E}.Release|Any CPU.ActiveCfg = Release|iPhoneSimulator
		{F3AD8C60-D563-47BB-B9B5-B34CBABE031E}.Release|ARM.ActiveCfg = Release|iPhone
		{F3AD8C60-D563-47BB-B9B5-B34CBABE031E}.Release|iPhone.ActiveCfg = Release|iPhone
		{F3AD8C60-D563-47BB-B9B5-B34CBABE031E}.Release|iPhone.Build.0 = Release|iPhone
		{F3AD8C60-D563-47BB-B9B5-B34CBABE031E}.Release|iPhoneSimulator.ActiveCfg = Release|iPhoneSimulator
		{F3AD8C60-D563-47BB-B9B5-B34CBABE031E}.Release|iPhoneSimulator.Build.0 = Release|iPhoneSimulator
		{F3AD8C60-D563-47BB-B9B5-B34CBABE031E}.Release|x64.ActiveCfg = Release|iPhone
		{F3AD8C60-D563-47BB-B9B5-B34CBABE031E}.Release|x86.ActiveCfg = Release|iPhone
	EndGlobalSection
	GlobalSection(SolutionProperties) = preSolution
		HideSolutionNode = FALSE
	EndGlobalSection
	GlobalSection(ExtensibilityGlobals) = postSolution
		SolutionGuid = {154B303B-2C51-4F07-9AE5-B6B97F997108}
	EndGlobalSection
EndGlobal
